
Microsoft Visual Studio Solution File, Format Version 12.00
# Visual Studio Version 17
VisualStudioVersion = 17.12.35506.116
MinimumVisualStudioVersion = 10.0.40219.1
Project("{FAE04EC0-301F-11D3-BF4B-00C04F79EFBC}") = "TheMovieDB.Core", "TheMovieDB.Core\TheMovieDB.Core.csproj", "{020D928A-A49E-48E0-B049-1A98D6FE3229}"
EndProject
Project("{FAE04EC0-301F-11D3-BF4B-00C04F79EFBC}") = "TheMovieDB.Infrastructure", "TheMovieDB.Infrastructure\TheMovieDB.Infrastructure.csproj", "{E6AA9F1F-07E8-4E39-BC2C-5D0D9B060362}"
EndProject
Project("{FAE04EC0-301F-11D3-BF4B-00C04F79EFBC}") = "TheMovieDB.Console", "TheMovieDB.Console\TheMovieDB.Console.csproj", "{B3576FDA-B6B7-4DB4-B785-F9EE78E2E36D}"
EndProject
Global
	GlobalSection(SolutionConfigurationPlatforms) = preSolution
		Debug|Any CPU = Debug|Any CPU
		Release|Any CPU = Release|Any CPU
	EndGlobalSection
	GlobalSection(ProjectConfigurationPlatforms) = postSolution
		{020D928A-A49E-48E0-B049-1A98D6FE3229}.Debug|Any CPU.ActiveCfg = Debug|Any CPU
		{020D928A-A49E-48E0-B049-1A98D6FE3229}.Debug|Any CPU.Build.0 = Debug|Any CPU
		{020D928A-A49E-48E0-B049-1A98D6FE3229}.Release|Any CPU.ActiveCfg = Release|Any CPU
		{020D928A-A49E-48E0-B049-1A98D6FE3229}.Release|Any CPU.Build.0 = Release|Any CPU
		{E6AA9F1F-07E8-4E39-BC2C-5D0D9B060362}.Debug|Any CPU.ActiveCfg = Debug|Any CPU
		{E6AA9F1F-07E8-4E39-BC2C-5D0D9B060362}.Debug|Any CPU.Build.0 = Debug|Any CPU
		{E6AA9F1F-07E8-4E39-BC2C-5D0D9B060362}.Release|Any CPU.ActiveCfg = Release|Any CPU
		{E6AA9F1F-07E8-4E39-BC2C-5D0D9B060362}.Release|Any CPU.Build.0 = Release|Any CPU
		{B3576FDA-B6B7-4DB4-B785-F9EE78E2E36D}.Debug|Any CPU.ActiveCfg = Debug|Any CPU
		{B3576FDA-B6B7-4DB4-B785-F9EE78E2E36D}.Debug|Any CPU.Build.0 = Debug|Any CPU
		{B3576FDA-B6B7-4DB4-B785-F9EE78E2E36D}.Release|Any CPU.ActiveCfg = Release|Any CPU
		{B3576FDA-B6B7-4DB4-B785-F9EE78E2E36D}.Release|Any CPU.Build.0 = Release|Any CPU
	EndGlobalSection
	GlobalSection(SolutionProperties) = preSolution
		HideSolutionNode = FALSE
	EndGlobalSection
EndGlobal
